// !$*UTF8*$!
{
	archiveVersion = 1;
	classes = {
	};
	objectVersion = 48;
	objects = {

/* Begin PBXBuildFile section */
		3F32540A205DFAC7009D13A4 /* AppDelegate.swift in Sources */ = {isa = PBXBuildFile; fileRef = 3F325409205DFAC7009D13A4 /* AppDelegate.swift */; };
		3F32540C205DFAC7009D13A4 /* ViewController.swift in Sources */ = {isa = PBXBuildFile; fileRef = 3F32540B205DFAC7009D13A4 /* ViewController.swift */; };
		3F32540F205DFAC7009D13A4 /* Main.storyboard in Resources */ = {isa = PBXBuildFile; fileRef = 3F32540D205DFAC7009D13A4 /* Main.storyboard */; };
		3F325411205DFAC7009D13A4 /* Assets.xcassets in Resources */ = {isa = PBXBuildFile; fileRef = 3F325410205DFAC7009D13A4 /* Assets.xcassets */; };
		3F325414205DFAC7009D13A4 /* LaunchScreen.storyboard in Resources */ = {isa = PBXBuildFile; fileRef = 3F325412205DFAC7009D13A4 /* LaunchScreen.storyboard */; };
		3F32541F205DFAC7009D13A4 /* GitOperationProjectTests.swift in Sources */ = {isa = PBXBuildFile; fileRef = 3F32541E205DFAC7009D13A4 /* GitOperationProjectTests.swift */; };
		3F32542A205DFAC7009D13A4 /* GitOperationProjectUITests.swift in Sources */ = {isa = PBXBuildFile; fileRef = 3F325429205DFAC7009D13A4 /* GitOperationProjectUITests.swift */; };
		3F325438205DFB5F009D13A4 /* origin_1.swift in Sources */ = {isa = PBXBuildFile; fileRef = 3F325437205DFB5F009D13A4 /* origin_1.swift */; };
		3F32543A205DFB68009D13A4 /* origin_2.swift in Sources */ = {isa = PBXBuildFile; fileRef = 3F325439205DFB68009D13A4 /* origin_2.swift */; };
/* End PBXBuildFile section */

/* Begin PBXContainerItemProxy section */
		3F32541B205DFAC7009D13A4 /* PBXContainerItemProxy */ = {
			isa = PBXContainerItemProxy;
			containerPortal = 3F3253FE205DFAC7009D13A4 /* Project object */;
			proxyType = 1;
			remoteGlobalIDString = 3F325405205DFAC7009D13A4;
			remoteInfo = GitOperationProject;
		};
		3F325426205DFAC7009D13A4 /* PBXContainerItemProxy */ = {
			isa = PBXContainerItemProxy;
			containerPortal = 3F3253FE205DFAC7009D13A4 /* Project object */;
			proxyType = 1;
			remoteGlobalIDString = 3F325405205DFAC7009D13A4;
			remoteInfo = GitOperationProject;
		};
/* End PBXContainerItemProxy section */

/* Begin PBXFileReference section */
		3F325406205DFAC7009D13A4 /* GitOperationProject.app */ = {isa = PBXFileReference; explicitFileType = wrapper.application; includeInIndex = 0; path = GitOperationProject.app; sourceTree = BUILT_PRODUCTS_DIR; };
		3F325409205DFAC7009D13A4 /* AppDelegate.swift */ = {isa = PBXFileReference; lastKnownFileType = sourcecode.swift; path = AppDelegate.swift; sourceTree = "<group>"; };
		3F32540B205DFAC7009D13A4 /* ViewController.swift */ = {isa = PBXFileReference; lastKnownFileType = sourcecode.swift; path = ViewController.swift; sourceTree = "<group>"; };
		3F32540E205DFAC7009D13A4 /* Base */ = {isa = PBXFileReference; lastKnownFileType = file.storyboard; name = Base; path = Base.lproj/Main.storyboard; sourceTree = "<group>"; };
		3F325410205DFAC7009D13A4 /* Assets.xcassets */ = {isa = PBXFileReference; lastKnownFileType = folder.assetcatalog; path = Assets.xcassets; sourceTree = "<group>"; };
		3F325413205DFAC7009D13A4 /* Base */ = {isa = PBXFileReference; lastKnownFileType = file.storyboard; name = Base; path = Base.lproj/LaunchScreen.storyboard; sourceTree = "<group>"; };
		3F325415205DFAC7009D13A4 /* Info.plist */ = {isa = PBXFileReference; lastKnownFileType = text.plist.xml; path = Info.plist; sourceTree = "<group>"; };
		3F32541A205DFAC7009D13A4 /* GitOperationProjectTests.xctest */ = {isa = PBXFileReference; explicitFileType = wrapper.cfbundle; includeInIndex = 0; path = GitOperationProjectTests.xctest; sourceTree = BUILT_PRODUCTS_DIR; };
		3F32541E205DFAC7009D13A4 /* GitOperationProjectTests.swift */ = {isa = PBXFileReference; lastKnownFileType = sourcecode.swift; path = GitOperationProjectTests.swift; sourceTree = "<group>"; };
		3F325420205DFAC7009D13A4 /* Info.plist */ = {isa = PBXFileReference; lastKnownFileType = text.plist.xml; path = Info.plist; sourceTree = "<group>"; };
		3F325425205DFAC7009D13A4 /* GitOperationProjectUITests.xctest */ = {isa = PBXFileReference; explicitFileType = wrapper.cfbundle; includeInIndex = 0; path = GitOperationProjectUITests.xctest; sourceTree = BUILT_PRODUCTS_DIR; };
		3F325429205DFAC7009D13A4 /* GitOperationProjectUITests.swift */ = {isa = PBXFileReference; lastKnownFileType = sourcecode.swift; path = GitOperationProjectUITests.swift; sourceTree = "<group>"; };
		3F32542B205DFAC7009D13A4 /* Info.plist */ = {isa = PBXFileReference; lastKnownFileType = text.plist.xml; path = Info.plist; sourceTree = "<group>"; };
		3F325437205DFB5F009D13A4 /* origin_1.swift */ = {isa = PBXFileReference; lastKnownFileType = sourcecode.swift; path = origin_1.swift; sourceTree = "<group>"; };
		3F325439205DFB68009D13A4 /* origin_2.swift */ = {isa = PBXFileReference; lastKnownFileType = sourcecode.swift; path = origin_2.swift; sourceTree = "<group>"; };
/* End PBXFileReference section */

/* Begin PBXFrameworksBuildPhase section */
		3F325403205DFAC7009D13A4 /* Frameworks */ = {
			isa = PBXFrameworksBuildPhase;
			buildActionMask = 2147483647;
			files = (
			);
			runOnlyForDeploymentPostprocessing = 0;
		};
		3F325417205DFAC7009D13A4 /* Frameworks */ = {
			isa = PBXFrameworksBuildPhase;
			buildActionMask = 2147483647;
			files = (
			);
			runOnlyForDeploymentPostprocessing = 0;
		};
		3F325422205DFAC7009D13A4 /* Frameworks */ = {
			isa = PBXFrameworksBuildPhase;
			buildActionMask = 2147483647;
			files = (
			);
			runOnlyForDeploymentPostprocessing = 0;
		};
/* End PBXFrameworksBuildPhase section */

/* Begin PBXGroup section */
		3F3253FD205DFAC7009D13A4 = {
			isa = PBXGroup;
			children = (
				3F325408205DFAC7009D13A4 /* GitOperationProject */,
				3F32541D205DFAC7009D13A4 /* GitOperationProjectTests */,
				3F325428205DFAC7009D13A4 /* GitOperationProjectUITests */,
				3F325407205DFAC7009D13A4 /* Products */,
			);
			sourceTree = "<group>";
		};
		3F325407205DFAC7009D13A4 /* Products */ = {
			isa = PBXGroup;
			children = (
				3F325406205DFAC7009D13A4 /* GitOperationProject.app */,
				3F32541A205DFAC7009D13A4 /* GitOperationProjectTests.xctest */,
				3F325425205DFAC7009D13A4 /* GitOperationProjectUITests.xctest */,
			);
			name = Products;
			sourceTree = "<group>";
		};
		3F325408205DFAC7009D13A4 /* GitOperationProject */ = {
			isa = PBXGroup;
			children = (
				3F325409205DFAC7009D13A4 /* AppDelegate.swift */,
				3F32540B205DFAC7009D13A4 /* ViewController.swift */,
				3F325437205DFB5F009D13A4 /* origin_1.swift */,
				3F325439205DFB68009D13A4 /* origin_2.swift */,
				3F32540D205DFAC7009D13A4 /* Main.storyboard */,
				3F325410205DFAC7009D13A4 /* Assets.xcassets */,
				3F325412205DFAC7009D13A4 /* LaunchScreen.storyboard */,
				3F325415205DFAC7009D13A4 /* Info.plist */,
			);
			path = GitOperationProject;
			sourceTree = "<group>";
		};
		3F32541D205DFAC7009D13A4 /* GitOperationProjectTests */ = {
			isa = PBXGroup;
			children = (
				3F32541E205DFAC7009D13A4 /* GitOperationProjectTests.swift */,
				3F325420205DFAC7009D13A4 /* Info.plist */,
			);
			path = GitOperationProjectTests;
			sourceTree = "<group>";
		};
		3F325428205DFAC7009D13A4 /* GitOperationProjectUITests */ = {
			isa = PBXGroup;
			children = (
				3F325429205DFAC7009D13A4 /* GitOperationProjectUITests.swift */,
				3F32542B205DFAC7009D13A4 /* Info.plist */,
			);
			path = GitOperationProjectUITests;
			sourceTree = "<group>";
		};
/* End PBXGroup section */

/* Begin PBXNativeTarget section */
		3F325405205DFAC7009D13A4 /* GitOperationProject */ = {
			isa = PBXNativeTarget;
			buildConfigurationList = 3F32542E205DFAC7009D13A4 /* Build configuration list for PBXNativeTarget "GitOperationProject" */;
			buildPhases = (
				3F325402205DFAC7009D13A4 /* Sources */,
				3F325403205DFAC7009D13A4 /* Frameworks */,
				3F325404205DFAC7009D13A4 /* Resources */,
			);
			buildRules = (
			);
			dependencies = (
			);
			name = GitOperationProject;
			productName = GitOperationProject;
			productReference = 3F325406205DFAC7009D13A4 /* GitOperationProject.app */;
			productType = "com.apple.product-type.application";
		};
		3F325419205DFAC7009D13A4 /* GitOperationProjectTests */ = {
			isa = PBXNativeTarget;
			buildConfigurationList = 3F325431205DFAC7009D13A4 /* Build configuration list for PBXNativeTarget "GitOperationProjectTests" */;
			buildPhases = (
				3F325416205DFAC7009D13A4 /* Sources */,
				3F325417205DFAC7009D13A4 /* Frameworks */,
				3F325418205DFAC7009D13A4 /* Resources */,
			);
			buildRules = (
			);
			dependencies = (
				3F32541C205DFAC7009D13A4 /* PBXTargetDependency */,
			);
			name = GitOperationProjectTests;
			productName = GitOperationProjectTests;
			productReference = 3F32541A205DFAC7009D13A4 /* GitOperationProjectTests.xctest */;
			productType = "com.apple.product-type.bundle.unit-test";
		};
		3F325424205DFAC7009D13A4 /* GitOperationProjectUITests */ = {
			isa = PBXNativeTarget;
			buildConfigurationList = 3F325434205DFAC7009D13A4 /* Build configuration list for PBXNativeTarget "GitOperationProjectUITests" */;
			buildPhases = (
				3F325421205DFAC7009D13A4 /* Sources */,
				3F325422205DFAC7009D13A4 /* Frameworks */,
				3F325423205DFAC7009D13A4 /* Resources */,
			);
			buildRules = (
			);
			dependencies = (
				3F325427205DFAC7009D13A4 /* PBXTargetDependency */,
			);
			name = GitOperationProjectUITests;
			productName = GitOperationProjectUITests;
			productReference = 3F325425205DFAC7009D13A4 /* GitOperationProjectUITests.xctest */;
			productType = "com.apple.product-type.bundle.ui-testing";
		};
/* End PBXNativeTarget section */

/* Begin PBXProject section */
		3F3253FE205DFAC7009D13A4 /* Project object */ = {
			isa = PBXProject;
			attributes = {
				LastSwiftUpdateCheck = 0920;
				LastUpgradeCheck = 0920;
				ORGANIZATIONNAME = Arvin;
				TargetAttributes = {
					3F325405205DFAC7009D13A4 = {
						CreatedOnToolsVersion = 9.2;
						ProvisioningStyle = Automatic;
					};
					3F325419205DFAC7009D13A4 = {
						CreatedOnToolsVersion = 9.2;
						ProvisioningStyle = Automatic;
						TestTargetID = 3F325405205DFAC7009D13A4;
					};
					3F325424205DFAC7009D13A4 = {
						CreatedOnToolsVersion = 9.2;
						ProvisioningStyle = Automatic;
						TestTargetID = 3F325405205DFAC7009D13A4;
					};
				};
			};
			buildConfigurationList = 3F325401205DFAC7009D13A4 /* Build configuration list for PBXProject "GitOperationProject" */;
			compatibilityVersion = "Xcode 8.0";
			developmentRegion = en;
			hasScannedForEncodings = 0;
			knownRegions = (
				en,
				Base,
			);
			mainGroup = 3F3253FD205DFAC7009D13A4;
			productRefGroup = 3F325407205DFAC7009D13A4 /* Products */;
			projectDirPath = "";
			projectRoot = "";
			targets = (
				3F325405205DFAC7009D13A4 /* GitOperationProject */,
				3F325419205DFAC7009D13A4 /* GitOperationProjectTests */,
				3F325424205DFAC7009D13A4 /* GitOperationProjectUITests */,
			);
		};
/* End PBXProject section */

/* Begin PBXResourcesBuildPhase section */
		3F325404205DFAC7009D13A4 /* Resources */ = {
			isa = PBXResourcesBuildPhase;
			buildActionMask = 2147483647;
			files = (
				3F325414205DFAC7009D13A4 /* LaunchScreen.storyboard in Resources */,
				3F325411205DFAC7009D13A4 /* Assets.xcassets in Resources */,
				3F32540F205DFAC7009D13A4 /* Main.storyboard in Resources */,
			);
			runOnlyForDeploymentPostprocessing = 0;
		};
		3F325418205DFAC7009D13A4 /* Resources */ = {
			isa = PBXResourcesBuildPhase;
			buildActionMask = 2147483647;
			files = (
			);
			runOnlyForDeploymentPostprocessing = 0;
		};
		3F325423205DFAC7009D13A4 /* Resources */ = {
			isa = PBXResourcesBuildPhase;
			buildActionMask = 2147483647;
			files = (
			);
			runOnlyForDeploymentPostprocessing = 0;
		};
/* End PBXResourcesBuildPhase section */

/* Begin PBXSourcesBuildPhase section */
		3F325402205DFAC7009D13A4 /* Sources */ = {
			isa = PBXSourcesBuildPhase;
			buildActionMask = 2147483647;
			files = (
				3F325438205DFB5F009D13A4 /* origin_1.swift in Sources */,
				3F32540C205DFAC7009D13A4 /* ViewController.swift in Sources */,
				3F32543A205DFB68009D13A4 /* origin_2.swift in Sources */,
				3F32540A205DFAC7009D13A4 /* AppDelegate.swift in Sources */,
			);
			runOnlyForDeploymentPostprocessing = 0;
		};
		3F325416205DFAC7009D13A4 /* Sources */ = {
			isa = PBXSourcesBuildPhase;
			buildActionMask = 2147483647;
			files = (
				3F32541F205DFAC7009D13A4 /* GitOperationProjectTests.swift in Sources */,
			);
			runOnlyForDeploymentPostprocessing = 0;
		};
		3F325421205DFAC7009D13A4 /* Sources */ = {
			isa = PBXSourcesBuildPhase;
			buildActionMask = 2147483647;
			files = (
				3F32542A205DFAC7009D13A4 /* GitOperationProjectUITests.swift in Sources */,
			);
			runOnlyForDeploymentPostprocessing = 0;
		};
/* End PBXSourcesBuildPhase section */

/* Begin PBXTargetDependency section */
		3F32541C205DFAC7009D13A4 /* PBXTargetDependency */ = {
			isa = PBXTargetDependency;
			target = 3F325405205DFAC7009D13A4 /* GitOperationProject */;
			targetProxy = 3F32541B205DFAC7009D13A4 /* PBXContainerItemProxy */;
		};
		3F325427205DFAC7009D13A4 /* PBXTargetDependency */ = {
			isa = PBXTargetDependency;
			target = 3F325405205DFAC7009D13A4 /* GitOperationProject */;
			targetProxy = 3F325426205DFAC7009D13A4 /* PBXContainerItemProxy */;
		};
/* End PBXTargetDependency section */

/* Begin PBXVariantGroup section */
		3F32540D205DFAC7009D13A4 /* Main.storyboard */ = {
			isa = PBXVariantGroup;
			children = (
				3F32540E205DFAC7009D13A4 /* Base */,
			);
			name = Main.storyboard;
			sourceTree = "<group>";
		};
		3F325412205DFAC7009D13A4 /* LaunchScreen.storyboard */ = {
			isa = PBXVariantGroup;
			children = (
				3F325413205DFAC7009D13A4 /* Base */,
			);
			name = LaunchScreen.storyboard;
			sourceTree = "<group>";
		};
/* End PBXVariantGroup section */

/* Begin XCBuildConfiguration section */
		3F32542C205DFAC7009D13A4 /* Debug */ = {
			isa = XCBuildConfiguration;
			buildSettings = {
				ALWAYS_SEARCH_USER_PATHS = NO;
				CLANG_ANALYZER_NONNULL = YES;
				CLANG_ANALYZER_NUMBER_OBJECT_CONVERSION = YES_AGGRESSIVE;
				CLANG_CXX_LANGUAGE_STANDARD = "gnu++14";
				CLANG_CXX_LIBRARY = "libc++";
				CLANG_ENABLE_MODULES = YES;
				CLANG_ENABLE_OBJC_ARC = YES;
				CLANG_WARN_BLOCK_CAPTURE_AUTORELEASING = YES;
				CLANG_WARN_BOOL_CONVERSION = YES;
				CLANG_WARN_COMMA = YES;
				CLANG_WARN_CONSTANT_CONVERSION = YES;
				CLANG_WARN_DIRECT_OBJC_ISA_USAGE = YES_ERROR;
				CLANG_WARN_DOCUMENTATION_COMMENTS = YES;
				CLANG_WARN_EMPTY_BODY = YES;
				CLANG_WARN_ENUM_CONVERSION = YES;
				CLANG_WARN_INFINITE_RECURSION = YES;
				CLANG_WARN_INT_CONVERSION = YES;
				CLANG_WARN_NON_LITERAL_NULL_CONVERSION = YES;
				CLANG_WARN_OBJC_LITERAL_CONVERSION = YES;
				CLANG_WARN_OBJC_ROOT_CLASS = YES_ERROR;
				CLANG_WARN_RANGE_LOOP_ANALYSIS = YES;
				CLANG_WARN_STRICT_PROTOTYPES = YES;
				CLANG_WARN_SUSPICIOUS_MOVE = YES;
				CLANG_WARN_UNGUARDED_AVAILABILITY = YES_AGGRESSIVE;
				CLANG_WARN_UNREACHABLE_CODE = YES;
				CLANG_WARN__DUPLICATE_METHOD_MATCH = YES;
				CODE_SIGN_IDENTITY = "iPhone Developer";
				COPY_PHASE_STRIP = NO;
				DEBUG_INFORMATION_FORMAT = dwarf;
				ENABLE_STRICT_OBJC_MSGSEND = YES;
				ENABLE_TESTABILITY = YES;
				GCC_C_LANGUAGE_STANDARD = gnu11;
				GCC_DYNAMIC_NO_PIC = NO;
				GCC_NO_COMMON_BLOCKS = YES;
				GCC_OPTIMIZATION_LEVEL = 0;
				GCC_PREPROCESSOR_DEFINITIONS = (
					"DEBUG=1",
					"$(inherited)",
				);
				GCC_WARN_64_TO_32_BIT_CONVERSION = YES;
				GCC_WARN_ABOUT_RETURN_TYPE = YES_ERROR;
				GCC_WARN_UNDECLARED_SELECTOR = YES;
				GCC_WARN_UNINITIALIZED_AUTOS = YES_AGGRESSIVE;
				GCC_WARN_UNUSED_FUNCTION = YES;
				GCC_WARN_UNUSED_VARIABLE = YES;
				IPHONEOS_DEPLOYMENT_TARGET = 11.2;
				MTL_ENABLE_DEBUG_INFO = YES;
				ONLY_ACTIVE_ARCH = YES;
				SDKROOT = iphoneos;
				SWIFT_ACTIVE_COMPILATION_CONDITIONS = DEBUG;
				SWIFT_OPTIMIZATION_LEVEL = "-Onone";
			};
			name = Debug;
		};
		3F32542D205DFAC7009D13A4 /* Release */ = {
			isa = XCBuildConfiguration;
			buildSettings = {
				ALWAYS_SEARCH_USER_PATHS = NO;
				CLANG_ANALYZER_NONNULL = YES;
				CLANG_ANALYZER_NUMBER_OBJECT_CONVERSION = YES_AGGRESSIVE;
				CLANG_CXX_LANGUAGE_STANDARD = "gnu++14";
				CLANG_CXX_LIBRARY = "libc++";
				CLANG_ENABLE_MODULES = YES;
				CLANG_ENABLE_OBJC_ARC = YES;
				CLANG_WARN_BLOCK_CAPTURE_AUTORELEASING = YES;
				CLANG_WARN_BOOL_CONVERSION = YES;
				CLANG_WARN_COMMA = YES;
				CLANG_WARN_CONSTANT_CONVERSION = YES;
				CLANG_WARN_DIRECT_OBJC_ISA_USAGE = YES_ERROR;
				CLANG_WARN_DOCUMENTATION_COMMENTS = YES;
				CLANG_WARN_EMPTY_BODY = YES;
				CLANG_WARN_ENUM_CONVERSION = YES;
				CLANG_WARN_INFINITE_RECURSION = YES;
				CLANG_WARN_INT_CONVERSION = YES;
				CLANG_WARN_NON_LITERAL_NULL_CONVERSION = YES;
				CLANG_WARN_OBJC_LITERAL_CONVERSION = YES;
				CLANG_WARN_OBJC_ROOT_CLASS = YES_ERROR;
				CLANG_WARN_RANGE_LOOP_ANALYSIS = YES;
				CLANG_WARN_STRICT_PROTOTYPES = YES;
				CLANG_WARN_SUSPICIOUS_MOVE = YES;
				CLANG_WARN_UNGUARDED_AVAILABILITY = YES_AGGRESSIVE;
				CLANG_WARN_UNREACHABLE_CODE = YES;
				CLANG_WARN__DUPLICATE_METHOD_MATCH = YES;
				CODE_SIGN_IDENTITY = "iPhone Developer";
				COPY_PHASE_STRIP = NO;
				DEBUG_INFORMATION_FORMAT = "dwarf-with-dsym";
				ENABLE_NS_ASSERTIONS = NO;
				ENABLE_STRICT_OBJC_MSGSEND = YES;
				GCC_C_LANGUAGE_STANDARD = gnu11;
				GCC_NO_COMMON_BLOCKS = YES;
				GCC_WARN_64_TO_32_BIT_CONVERSION = YES;
				GCC_WARN_ABOUT_RETURN_TYPE = YES_ERROR;
				GCC_WARN_UNDECLARED_SELECTOR = YES;
				GCC_WARN_UNINITIALIZED_AUTOS = YES_AGGRESSIVE;
				GCC_WARN_UNUSED_FUNCTION = YES;
				GCC_WARN_UNUSED_VARIABLE = YES;
				IPHONEOS_DEPLOYMENT_TARGET = 11.2;
				MTL_ENABLE_DEBUG_INFO = NO;
				SDKROOT = iphoneos;
				SWIFT_OPTIMIZATION_LEVEL = "-Owholemodule";
				VALIDATE_PRODUCT = YES;
			};
			name = Release;
		};
		3F32542F205DFAC7009D13A4 /* Debug */ = {
			isa = XCBuildConfiguration;
			buildSettings = {
				ASSETCATALOG_COMPILER_APPICON_NAME = AppIcon;
				CODE_SIGN_STYLE = Automatic;
				INFOPLIST_FILE = GitOperationProject/Info.plist;
				LD_RUNPATH_SEARCH_PATHS = "$(inherited) @executable_path/Frameworks";
				PRODUCT_BUNDLE_IDENTIFIER = com.Arivn.GitOperationProject;
				PRODUCT_NAME = "$(TARGET_NAME)";
				SWIFT_VERSION = 4.0;
				TARGETED_DEVICE_FAMILY = "1,2";
			};
			name = Debug;
		};
		3F325430205DFAC7009D13A4 /* Release */ = {
			isa = XCBuildConfiguration;
			buildSettings = {
				ASSETCATALOG_COMPILER_APPICON_NAME = AppIcon;
				CODE_SIGN_STYLE = Automatic;
				INFOPLIST_FILE = GitOperationProject/Info.plist;
				LD_RUNPATH_SEARCH_PATHS = "$(inherited) @executable_path/Frameworks";
				PRODUCT_BUNDLE_IDENTIFIER = com.Arivn.GitOperationProject;
				PRODUCT_NAME = "$(TARGET_NAME)";
				SWIFT_VERSION = 4.0;
				TARGETED_DEVICE_FAMILY = "1,2";
			};
			name = Release;
		};
		3F325432205DFAC7009D13A4 /* Debug */ = {
			isa = XCBuildConfiguration;
			buildSettings = {
				ALWAYS_EMBED_SWIFT_STANDARD_LIBRARIES = YES;
				BUNDLE_LOADER = "$(TEST_HOST)";
				CODE_SIGN_STYLE = Automatic;
				INFOPLIST_FILE = GitOperationProjectTests/Info.plist;
				LD_RUNPATH_SEARCH_PATHS = "$(inherited) @executable_path/Frameworks @loader_path/Frameworks";
				PRODUCT_BUNDLE_IDENTIFIER = com.Arivn.GitOperationProjectTests;
				PRODUCT_NAME = "$(TARGET_NAME)";
				SWIFT_VERSION = 4.0;
				TARGETED_DEVICE_FAMILY = "1,2";
				TEST_HOST = "$(BUILT_PRODUCTS_DIR)/GitOperationProject.app/GitOperationProject";
			};
			name = Debug;
		};
		3F325433205DFAC7009D13A4 /* Release */ = {
			isa = XCBuildConfiguration;
			buildSettings = {
				ALWAYS_EMBED_SWIFT_STANDARD_LIBRARIES = YES;
				BUNDLE_LOADER = "$(TEST_HOST)";
				CODE_SIGN_STYLE = Automatic;
				INFOPLIST_FILE = GitOperationProjectTests/Info.plist;
				LD_RUNPATH_SEARCH_PATHS = "$(inherited) @executable_path/Frameworks @loader_path/Frameworks";
				PRODUCT_BUNDLE_IDENTIFIER = com.Arivn.GitOperationProjectTests;
				PRODUCT_NAME = "$(TARGET_NAME)";
				SWIFT_VERSION = 4.0;
				TARGETED_DEVICE_FAMILY = "1,2";
				TEST_HOST = "$(BUILT_PRODUCTS_DIR)/GitOperationProject.app/GitOperationProject";
			};
			name = Release;
		};
		3F325435205DFAC7009D13A4 /* Debug */ = {
			isa = XCBuildConfiguration;
			buildSettings = {
				ALWAYS_EMBED_SWIFT_STANDARD_LIBRARIES = YES;
				CODE_SIGN_STYLE = Automatic;
				INFOPLIST_FILE = GitOperationProjectUITests/Info.plist;
				LD_RUNPATH_SEARCH_PATHS = "$(inherited) @executable_path/Frameworks @loader_path/Frameworks";
				PRODUCT_BUNDLE_IDENTIFIER = com.Arivn.GitOperationProjectUITests;
				PRODUCT_NAME = "$(TARGET_NAME)";
				SWIFT_VERSION = 4.0;
				TARGETED_DEVICE_FAMILY = "1,2";
				TEST_TARGET_NAME = GitOperationProject;
			};
			name = Debug;
		};
		3F325436205DFAC7009D13A4 /* Release */ = {
			isa = XCBuildConfiguration;
			buildSettings = {
				ALWAYS_EMBED_SWIFT_STANDARD_LIBRARIES = YES;
				CODE_SIGN_STYLE = Automatic;
				INFOPLIST_FILE = GitOperationProjectUITests/Info.plist;
				LD_RUNPATH_SEARCH_PATHS = "$(inherited) @executable_path/Frameworks @loader_path/Frameworks";
				PRODUCT_BUNDLE_IDENTIFIER = com.Arivn.GitOperationProjectUITests;
				PRODUCT_NAME = "$(TARGET_NAME)";
				SWIFT_VERSION = 4.0;
				TARGETED_DEVICE_FAMILY = "1,2";
				TEST_TARGET_NAME = GitOperationProject;
			};
			name = Release;
		};
/* End XCBuildConfiguration section */

/* Begin XCConfigurationList section */
		3F325401205DFAC7009D13A4 /* Build configuration list for PBXProject "GitOperationProject" */ = {
			isa = XCConfigurationList;
			buildConfigurations = (
				3F32542C205DFAC7009D13A4 /* Debug */,
				3F32542D205DFAC7009D13A4 /* Release */,
			);
			defaultConfigurationIsVisible = 0;
			defaultConfigurationName = Release;
		};
		3F32542E205DFAC7009D13A4 /* Build configuration list for PBXNativeTarget "GitOperationProject" */ = {
			isa = XCConfigurationList;
			buildConfigurations = (
				3F32542F205DFAC7009D13A4 /* Debug */,
				3F325430205DFAC7009D13A4 /* Release */,
			);
			defaultConfigurationIsVisible = 0;
			defaultConfigurationName = Release;
		};
		3F325431205DFAC7009D13A4 /* Build configuration list for PBXNativeTarget "GitOperationProjectTests" */ = {
			isa = XCConfigurationList;
			buildConfigurations = (
				3F325432205DFAC7009D13A4 /* Debug */,
				3F325433205DFAC7009D13A4 /* Release */,
			);
			defaultConfigurationIsVisible = 0;
			defaultConfigurationName = Release;
		};
		3F325434205DFAC7009D13A4 /* Build configuration list for PBXNativeTarget "GitOperationProjectUITests" */ = {
			isa = XCConfigurationList;
			buildConfigurations = (
				3F325435205DFAC7009D13A4 /* Debug */,
				3F325436205DFAC7009D13A4 /* Release */,
			);
			defaultConfigurationIsVisible = 0;
			defaultConfigurationName = Release;
		};
/* End XCConfigurationList section */
	};
	rootObject = 3F3253FE205DFAC7009D13A4 /* Project object */;
}
